{
  "name": "tests",
  "version": "1.0.0",
  "lockfileVersion": 3,
  "requires": true,
  "packages": {
    "": {
      "name": "tests",
      "version": "1.0.0",
      "dependencies": {
        "@lynx-js/web-core": "^0.7.0",
        "@lynx-js/web-elements": "^0.2.4",
        "react": "^19.0.0",
        "react-dom": "^19.0.0"
      },
      "devDependencies": {
        "@rsbuild/core": "^1.2.14",
        "@rsbuild/plugin-react": "^1.1.1",
        "@types/react": "^19.0.10",
        "@types/react-dom": "^19.0.4",
        "typescript": "^5.8.2"
      }
    },
    "node_modules/@lynx-js/lynx-core": {
      "version": "0.1.0",
      "license": "Apache-2.0",
      "peer": true
    },
    "node_modules/@lynx-js/web-constants": {
      "version": "0.7.0",
      "license": "Apache-2.0",
      "dependencies": {
        "@lynx-js/web-worker-rpc": "0.7.0"
      }
    },
    "node_modules/@lynx-js/web-core": {
      "version": "0.7.0",
      "license": "Apache-2.0",
      "dependencies": {
        "@lynx-js/web-constants": "0.7.0",
        "@lynx-js/web-worker-rpc": "0.7.0",
        "@lynx-js/web-worker-runtime": "0.7.0"
      },
      "peerDependencies": {
        "@lynx-js/lynx-core": "0.1.0",
        "@lynx-js/web-elements": ">=0.1.0"
      }
    },
    "node_modules/@lynx-js/web-elements": {
      "version": "0.2.4",
      "license": "Apache-2.0",
      "dependencies": {
        "@lynx-js/web-elements-reactive": "0.1.0"
      },
      "peerDependencies": {
        "tslib": "^2.5.0"
      }
    },
    "node_modules/@lynx-js/web-elements-reactive": {
      "version": "0.1.0",
      "license": "Apache-2.0"
    },
    "node_modules/@lynx-js/web-mainthread-apis": {
      "version": "0.7.0",
      "license": "Apache-2.0",
      "dependencies": {
        "@lynx-js/web-constants": "0.7.0",
        "@lynx-js/web-style-transformer": "0.2.1",
        "css-tree": "^3.1.0",
        "hyphenate-style-name": "^1.1.0"
      }
    },
    "node_modules/@lynx-js/web-style-transformer": {
      "version": "0.2.1",
      "license": "Apache-2.0"
    },
    "node_modules/@lynx-js/web-worker-rpc": {
      "version": "0.7.0",
      "license": "Apache-2.0"
    },
    "node_modules/@lynx-js/web-worker-runtime": {
      "version": "0.7.0",
      "license": "Apache-2.0",
      "dependencies": {
        "@lynx-js/web-constants": "0.7.0",
        "@lynx-js/web-mainthread-apis": "0.7.0",
        "@lynx-js/web-worker-rpc": "0.7.0"
      },
      "peerDependencies": {
        "@lynx-js/lynx-core": "0.1.0"
      }
    },
    "node_modules/@module-federation/error-codes": {
      "version": "0.8.4",
      "dev": true,
      "license": "MIT"
    },
    "node_modules/@module-federation/runtime": {
      "version": "0.8.4",
      "dev": true,
      "license": "MIT",
      "dependencies": {
        "@module-federation/error-codes": "0.8.4",
        "@module-federation/sdk": "0.8.4"
      }
    },
    "node_modules/@module-federation/runtime-tools": {
      "version": "0.8.4",
      "dev": true,
      "license": "MIT",
      "dependencies": {
        "@module-federation/runtime": "0.8.4",
        "@module-federation/webpack-bundler-runtime": "0.8.4"
      }
    },
    "node_modules/@module-federation/sdk": {
      "version": "0.8.4",
      "dev": true,
      "license": "MIT",
      "dependencies": {
        "isomorphic-rslog": "0.0.6"
      }
    },
    "node_modules/@module-federation/webpack-bundler-runtime": {
      "version": "0.8.4",
      "dev": true,
      "license": "MIT",
      "dependencies": {
        "@module-federation/runtime": "0.8.4",
        "@module-federation/sdk": "0.8.4"
      }
    },
    "node_modules/@rsbuild/core": {
      "version": "1.2.16",
      "dev": true,
      "license": "MIT",
      "dependencies": {
        "@rspack/core": "1.2.7",
        "@rspack/lite-tapable": "~1.0.1",
        "@swc/helpers": "^0.5.15",
        "core-js": "~3.41.0",
        "jiti": "^2.4.2"
      },
      "bin": {
        "rsbuild": "bin/rsbuild.js"
      },
      "engines": {
        "node": ">=16.7.0"
      }
    },
    "node_modules/@rsbuild/plugin-react": {
      "version": "1.1.1",
      "dev": true,
      "license": "MIT",
      "dependencies": {
        "@rspack/plugin-react-refresh": "~1.0.1",
        "react-refresh": "^0.16.0"
      },
      "peerDependencies": {
        "@rsbuild/core": "1.x"
      }
    },
    "node_modules/@rspack/binding": {
      "version": "1.2.7",
      "dev": true,
      "license": "MIT",
      "optionalDependencies": {
        "@rspack/binding-darwin-arm64": "1.2.7",
        "@rspack/binding-darwin-x64": "1.2.7",
        "@rspack/binding-linux-arm64-gnu": "1.2.7",
        "@rspack/binding-linux-arm64-musl": "1.2.7",
        "@rspack/binding-linux-x64-gnu": "1.2.7",
        "@rspack/binding-linux-x64-musl": "1.2.7",
        "@rspack/binding-win32-arm64-msvc": "1.2.7",
        "@rspack/binding-win32-ia32-msvc": "1.2.7",
        "@rspack/binding-win32-x64-msvc": "1.2.7"
      }
    },
    "node_modules/@rspack/binding-win32-x64-msvc": {
      "version": "1.2.7",
      "cpu": [
        "x64"
      ],
      "dev": true,
      "license": "MIT",
      "optional": true,
      "os": [
        "win32"
      ]
    },
    "node_modules/@rspack/core": {
      "version": "1.2.7",
      "dev": true,
      "license": "MIT",
      "dependencies": {
        "@module-federation/runtime-tools": "0.8.4",
        "@rspack/binding": "1.2.7",
        "@rspack/lite-tapable": "1.0.1",
        "caniuse-lite": "^1.0.30001700"
      },
      "engines": {
        "node": ">=16.0.0"
      },
      "peerDependencies": {
        "@rspack/tracing": "^1.x",
        "@swc/helpers": ">=0.5.1"
      },
      "peerDependenciesMeta": {
        "@rspack/tracing": {
          "optional": true
        },
        "@swc/helpers": {
          "optional": true
        }
      }
    },
    "node_modules/@rspack/lite-tapable": {
      "version": "1.0.1",
      "dev": true,
      "license": "MIT",
      "engines": {
        "node": ">=16.0.0"
      }
    },
    "node_modules/@rspack/plugin-react-refresh": {
      "version": "1.0.1",
      "dev": true,
      "license": "MIT",
      "dependencies": {
        "error-stack-parser": "^2.1.4",
        "html-entities": "^2.5.2"
      },
      "peerDependencies": {
        "react-refresh": ">=0.10.0 <1.0.0"
      },
      "peerDependenciesMeta": {
        "react-refresh": {
          "optional": true
        }
      }
    },
    "node_modules/@swc/helpers": {
      "version": "0.5.15",
      "dev": true,
      "license": "Apache-2.0",
      "dependencies": {
        "tslib": "^2.8.0"
      }
    },
    "node_modules/@types/react": {
      "version": "19.0.10",
      "dev": true,
      "license": "MIT",
      "dependencies": {
        "csstype": "^3.0.2"
      }
    },
    "node_modules/@types/react-dom": {
      "version": "19.0.4",
      "dev": true,
      "license": "MIT",
      "peerDependencies": {
        "@types/react": "^19.0.0"
      }
    },
    "node_modules/caniuse-lite": {
      "version": "1.0.30001702",
      "dev": true,
      "funding": [
        {
          "type": "opencollective",
          "url": "https://opencollective.com/browserslist"
        },
        {
          "type": "tidelift",
          "url": "https://tidelift.com/funding/github/npm/caniuse-lite"
        },
        {
          "type": "github",
          "url": "https://github.com/sponsors/ai"
        }
      ],
      "license": "CC-BY-4.0"
    },
    "node_modules/core-js": {
      "version": "3.41.0",
      "dev": true,
      "hasInstallScript": true,
      "license": "MIT",
      "funding": {
        "type": "opencollective",
        "url": "https://opencollective.com/core-js"
      }
    },
    "node_modules/css-tree": {
      "version": "3.1.0",
      "license": "MIT",
      "dependencies": {
        "mdn-data": "2.12.2",
        "source-map-js": "^1.0.1"
      },
      "engines": {
        "node": "^10 || ^12.20.0 || ^14.13.0 || >=15.0.0"
      }
    },
    "node_modules/csstype": {
      "version": "3.1.3",
      "dev": true,
      "license": "MIT"
    },
    "node_modules/error-stack-parser": {
      "version": "2.1.4",
      "dev": true,
      "license": "MIT",
      "dependencies": {
        "stackframe": "^1.3.4"
      }
    },
    "node_modules/html-entities": {
      "version": "2.5.2",
      "dev": true,
      "funding": [
        {
          "type": "github",
          "url": "https://github.com/sponsors/mdevils"
        },
        {
          "type": "patreon",
          "url": "https://patreon.com/mdevils"
        }
      ],
      "license": "MIT"
    },
    "node_modules/hyphenate-style-name": {
      "version": "1.1.0",
      "license": "BSD-3-Clause"
    },
    "node_modules/isomorphic-rslog": {
      "version": "0.0.6",
      "dev": true,
      "license": "MIT",
      "engines": {
        "node": ">=14.17.6"
      }
    },
    "node_modules/jiti": {
      "version": "2.4.2",
      "dev": true,
      "license": "MIT",
      "bin": {
        "jiti": "lib/jiti-cli.mjs"
      }
    },
    "node_modules/mdn-data": {
      "version": "2.12.2",
      "license": "CC0-1.0"
    },
    "node_modules/react": {
      "version": "19.0.0",
      "license": "MIT",
      "engines": {
        "node": ">=0.10.0"
      }
    },
    "node_modules/react-dom": {
      "version": "19.0.0",
      "license": "MIT",
      "dependencies": {
        "scheduler": "^0.25.0"
      },
      "peerDependencies": {
        "react": "^19.0.0"
      }
    },
    "node_modules/react-refresh": {
      "version": "0.16.0",
      "dev": true,
      "license": "MIT",
      "engines": {
        "node": ">=0.10.0"
      }
    },
    "node_modules/scheduler": {
      "version": "0.25.0",
      "license": "MIT"
    },
    "node_modules/source-map-js": {
      "version": "1.2.1",
      "license": "BSD-3-Clause",
      "engines": {
        "node": ">=0.10.0"
      }
    },
    "node_modules/stackframe": {
      "version": "1.3.4",
      "dev": true,
      "license": "MIT"
    },
    "node_modules/tslib": {
      "version": "2.8.1",
      "license": "0BSD"
    },
    "node_modules/typescript": {
      "version": "5.8.2",
      "dev": true,
      "license": "Apache-2.0",
      "bin": {
        "tsc": "bin/tsc",
        "tsserver": "bin/tsserver"
      },
      "engines": {
        "node": ">=14.17"
      }
    }
  }
}
